// !$*UTF8*$!
{
	archiveVersion = 1;
	classes = {
	};
	objectVersion = 46;
	objects = {

/* Begin PBXBuildFile section */
		58C8D60807124696A5CA220F /* libPods-Medicine.a in Frameworks */ = {isa = PBXBuildFile; fileRef = 7A55564DBDEB48C99CD92C60 /* libPods-Medicine.a */; };
		6AE5B1F419BFDD930058B309 /* AppDelegate.swift in Sources */ = {isa = PBXBuildFile; fileRef = 6AE5B1F319BFDD930058B309 /* AppDelegate.swift */; };
		6AE5B1F619BFDD930058B309 /* ViewController.swift in Sources */ = {isa = PBXBuildFile; fileRef = 6AE5B1F519BFDD930058B309 /* ViewController.swift */; };
		6AE5B1F919BFDD930058B309 /* Main.storyboard in Resources */ = {isa = PBXBuildFile; fileRef = 6AE5B1F719BFDD930058B309 /* Main.storyboard */; };
		6AE5B1FB19BFDD930058B309 /* Images.xcassets in Resources */ = {isa = PBXBuildFile; fileRef = 6AE5B1FA19BFDD930058B309 /* Images.xcassets */; };
		6AE5B20719BFDD930058B309 /* MedicineTests.swift in Sources */ = {isa = PBXBuildFile; fileRef = 6AE5B20619BFDD930058B309 /* MedicineTests.swift */; };
		6AF83F3A19D343D10047CE0E /* Bluetooth.swift in Sources */ = {isa = PBXBuildFile; fileRef = 6AF83F3919D343D10047CE0E /* Bluetooth.swift */; };
		6AF9AF2519C4C6E2008C79CA /* WalkthroughView.swift in Sources */ = {isa = PBXBuildFile; fileRef = 6AF9AF2419C4C6E2008C79CA /* WalkthroughView.swift */; };
/* End PBXBuildFile section */

/* Begin PBXContainerItemProxy section */
		6AE5B20119BFDD930058B309 /* PBXContainerItemProxy */ = {
			isa = PBXContainerItemProxy;
			containerPortal = 6AE5B1E619BFDD930058B309 /* Project object */;
			proxyType = 1;
			remoteGlobalIDString = 6AE5B1ED19BFDD930058B309;
			remoteInfo = Medicine;
		};
/* End PBXContainerItemProxy section */

/* Begin PBXFileReference section */
		6AE5B1EE19BFDD930058B309 /* Medicine.app */ = {isa = PBXFileReference; explicitFileType = wrapper.application; includeInIndex = 0; path = Medicine.app; sourceTree = BUILT_PRODUCTS_DIR; };
		6AE5B1F219BFDD930058B309 /* Info.plist */ = {isa = PBXFileReference; lastKnownFileType = text.plist.xml; path = Info.plist; sourceTree = "<group>"; };
		6AE5B1F319BFDD930058B309 /* AppDelegate.swift */ = {isa = PBXFileReference; lastKnownFileType = sourcecode.swift; path = AppDelegate.swift; sourceTree = "<group>"; };
		6AE5B1F519BFDD930058B309 /* ViewController.swift */ = {isa = PBXFileReference; lastKnownFileType = sourcecode.swift; path = ViewController.swift; sourceTree = "<group>"; };
		6AE5B1F819BFDD930058B309 /* Base */ = {isa = PBXFileReference; lastKnownFileType = file.storyboard; name = Base; path = Base.lproj/Main.storyboard; sourceTree = "<group>"; };
		6AE5B1FA19BFDD930058B309 /* Images.xcassets */ = {isa = PBXFileReference; lastKnownFileType = folder.assetcatalog; path = Images.xcassets; sourceTree = "<group>"; };
		6AE5B20019BFDD930058B309 /* MedicineTests.xctest */ = {isa = PBXFileReference; explicitFileType = wrapper.cfbundle; includeInIndex = 0; path = MedicineTests.xctest; sourceTree = BUILT_PRODUCTS_DIR; };
		6AE5B20519BFDD930058B309 /* Info.plist */ = {isa = PBXFileReference; lastKnownFileType = text.plist.xml; path = Info.plist; sourceTree = "<group>"; };
		6AE5B20619BFDD930058B309 /* MedicineTests.swift */ = {isa = PBXFileReference; lastKnownFileType = sourcecode.swift; path = MedicineTests.swift; sourceTree = "<group>"; };
		6AF83F3919D343D10047CE0E /* Bluetooth.swift */ = {isa = PBXFileReference; fileEncoding = 4; lastKnownFileType = sourcecode.swift; path = Bluetooth.swift; sourceTree = "<group>"; };
		6AF83F3B19D365280047CE0E /* Bridging-Header.h */ = {isa = PBXFileReference; lastKnownFileType = sourcecode.c.h; path = "Bridging-Header.h"; sourceTree = "<group>"; };
		6AF9AF2419C4C6E2008C79CA /* WalkthroughView.swift */ = {isa = PBXFileReference; fileEncoding = 4; lastKnownFileType = sourcecode.swift; path = WalkthroughView.swift; sourceTree = "<group>"; };
		7A55564DBDEB48C99CD92C60 /* libPods-Medicine.a */ = {isa = PBXFileReference; explicitFileType = archive.ar; includeInIndex = 0; path = "libPods-Medicine.a"; sourceTree = BUILT_PRODUCTS_DIR; };
		C52A584A29724C7D9694EBB1 /* Pods-Medicine.xcconfig */ = {isa = PBXFileReference; includeInIndex = 1; lastKnownFileType = text.xcconfig; name = "Pods-Medicine.xcconfig"; path = "Pods/Pods-Medicine.xcconfig"; sourceTree = "<group>"; };
/* End PBXFileReference section */

/* Begin PBXFrameworksBuildPhase section */
		6AE5B1EB19BFDD930058B309 /* Frameworks */ = {
			isa = PBXFrameworksBuildPhase;
			buildActionMask = 2147483647;
			files = (
				58C8D60807124696A5CA220F /* libPods-Medicine.a in Frameworks */,
			);
			runOnlyForDeploymentPostprocessing = 0;
		};
		6AE5B1FD19BFDD930058B309 /* Frameworks */ = {
			isa = PBXFrameworksBuildPhase;
			buildActionMask = 2147483647;
			files = (
			);
			runOnlyForDeploymentPostprocessing = 0;
		};
/* End PBXFrameworksBuildPhase section */

/* Begin PBXGroup section */
		6AE5B1E519BFDD930058B309 = {
			isa = PBXGroup;
			children = (
				6AE5B1F019BFDD930058B309 /* Medicine */,
				6AE5B20319BFDD930058B309 /* MedicineTests */,
				6AE5B1EF19BFDD930058B309 /* Products */,
				C52A584A29724C7D9694EBB1 /* Pods-Medicine.xcconfig */,
				7F50951418F141BD83B4095E /* Frameworks */,
			);
			sourceTree = "<group>";
		};
		6AE5B1EF19BFDD930058B309 /* Products */ = {
			isa = PBXGroup;
			children = (
				6AE5B1EE19BFDD930058B309 /* Medicine.app */,
				6AE5B20019BFDD930058B309 /* MedicineTests.xctest */,
			);
			name = Products;
			sourceTree = "<group>";
		};
		6AE5B1F019BFDD930058B309 /* Medicine */ = {
			isa = PBXGroup;
			children = (
				6AF9AF2319C3E28C008C79CA /* Views */,
				6AE5B1F319BFDD930058B309 /* AppDelegate.swift */,
				6AE5B1F519BFDD930058B309 /* ViewController.swift */,
				6AE5B1F719BFDD930058B309 /* Main.storyboard */,
				6AE5B1FA19BFDD930058B309 /* Images.xcassets */,
				6AE5B1F119BFDD930058B309 /* Supporting Files */,
				6AF83F3919D343D10047CE0E /* Bluetooth.swift */,
				6AF83F3B19D365280047CE0E /* Bridging-Header.h */,
			);
			path = Medicine;
			sourceTree = "<group>";
		};
		6AE5B1F119BFDD930058B309 /* Supporting Files */ = {
			isa = PBXGroup;
			children = (
				6AE5B1F219BFDD930058B309 /* Info.plist */,
			);
			name = "Supporting Files";
			sourceTree = "<group>";
		};
		6AE5B20319BFDD930058B309 /* MedicineTests */ = {
			isa = PBXGroup;
			children = (
				6AE5B20619BFDD930058B309 /* MedicineTests.swift */,
				6AE5B20419BFDD930058B309 /* Supporting Files */,
			);
			path = MedicineTests;
			sourceTree = "<group>";
		};
		6AE5B20419BFDD930058B309 /* Supporting Files */ = {
			isa = PBXGroup;
			children = (
				6AE5B20519BFDD930058B309 /* Info.plist */,
			);
			name = "Supporting Files";
			sourceTree = "<group>";
		};
		6AF9AF2319C3E28C008C79CA /* Views */ = {
			isa = PBXGroup;
			children = (
				6AF9AF2419C4C6E2008C79CA /* WalkthroughView.swift */,
			);
			name = Views;
			sourceTree = "<group>";
		};
		7F50951418F141BD83B4095E /* Frameworks */ = {
			isa = PBXGroup;
			children = (
				7A55564DBDEB48C99CD92C60 /* libPods-Medicine.a */,
			);
			name = Frameworks;
			sourceTree = "<group>";
		};
/* End PBXGroup section */

/* Begin PBXNativeTarget section */
		6AE5B1ED19BFDD930058B309 /* Medicine */ = {
			isa = PBXNativeTarget;
			buildConfigurationList = 6AE5B20A19BFDD930058B309 /* Build configuration list for PBXNativeTarget "Medicine" */;
			buildPhases = (
				7BE66757CDE34994BCF63671 /* Check Pods Manifest.lock */,
				6AE5B1EA19BFDD930058B309 /* Sources */,
				6AE5B1EB19BFDD930058B309 /* Frameworks */,
				6AE5B1EC19BFDD930058B309 /* Resources */,
				B874AD82CFE94C94964567DB /* Copy Pods Resources */,
			);
			buildRules = (
			);
			dependencies = (
			);
			name = Medicine;
			productName = Medicine;
			productReference = 6AE5B1EE19BFDD930058B309 /* Medicine.app */;
			productType = "com.apple.product-type.application";
		};
		6AE5B1FF19BFDD930058B309 /* MedicineTests */ = {
			isa = PBXNativeTarget;
			buildConfigurationList = 6AE5B20D19BFDD930058B309 /* Build configuration list for PBXNativeTarget "MedicineTests" */;
			buildPhases = (
				6AE5B1FC19BFDD930058B309 /* Sources */,
				6AE5B1FD19BFDD930058B309 /* Frameworks */,
				6AE5B1FE19BFDD930058B309 /* Resources */,
			);
			buildRules = (
			);
			dependencies = (
				6AE5B20219BFDD930058B309 /* PBXTargetDependency */,
			);
			name = MedicineTests;
			productName = MedicineTests;
			productReference = 6AE5B20019BFDD930058B309 /* MedicineTests.xctest */;
			productType = "com.apple.product-type.bundle.unit-test";
		};
/* End PBXNativeTarget section */

/* Begin PBXProject section */
		6AE5B1E619BFDD930058B309 /* Project object */ = {
			isa = PBXProject;
			attributes = {
				LastUpgradeCheck = 0600;
				ORGANIZATIONNAME = "Isaac Rosenberg";
				TargetAttributes = {
					6AE5B1ED19BFDD930058B309 = {
						CreatedOnToolsVersion = 6.0;
						SystemCapabilities = {
							com.apple.BackgroundModes = {
								enabled = 1;
							};
						};
					};
					6AE5B1FF19BFDD930058B309 = {
						CreatedOnToolsVersion = 6.0;
						TestTargetID = 6AE5B1ED19BFDD930058B309;
					};
				};
			};
			buildConfigurationList = 6AE5B1E919BFDD930058B309 /* Build configuration list for PBXProject "Medicine" */;
			compatibilityVersion = "Xcode 3.2";
			developmentRegion = English;
			hasScannedForEncodings = 0;
			knownRegions = (
				en,
				Base,
			);
			mainGroup = 6AE5B1E519BFDD930058B309;
			productRefGroup = 6AE5B1EF19BFDD930058B309 /* Products */;
			projectDirPath = "";
			projectRoot = "";
			targets = (
				6AE5B1ED19BFDD930058B309 /* Medicine */,
				6AE5B1FF19BFDD930058B309 /* MedicineTests */,
			);
		};
/* End PBXProject section */

/* Begin PBXResourcesBuildPhase section */
		6AE5B1EC19BFDD930058B309 /* Resources */ = {
			isa = PBXResourcesBuildPhase;
			buildActionMask = 2147483647;
			files = (
				6AE5B1F919BFDD930058B309 /* Main.storyboard in Resources */,
				6AE5B1FB19BFDD930058B309 /* Images.xcassets in Resources */,
			);
			runOnlyForDeploymentPostprocessing = 0;
		};
		6AE5B1FE19BFDD930058B309 /* Resources */ = {
			isa = PBXResourcesBuildPhase;
			buildActionMask = 2147483647;
			files = (
			);
			runOnlyForDeploymentPostprocessing = 0;
		};
/* End PBXResourcesBuildPhase section */

/* Begin PBXShellScriptBuildPhase section */
		7BE66757CDE34994BCF63671 /* Check Pods Manifest.lock */ = {
			isa = PBXShellScriptBuildPhase;
			buildActionMask = 2147483647;
			files = (
			);
			inputPaths = (
			);
			name = "Check Pods Manifest.lock";
			outputPaths = (
			);
			runOnlyForDeploymentPostprocessing = 0;
			shellPath = /bin/sh;
			shellScript = "diff \"${PODS_ROOT}/../Podfile.lock\" \"${PODS_ROOT}/Manifest.lock\" > /dev/null\nif [[ $? != 0 ]] ; then\n    cat << EOM\nerror: The sandbox is not in sync with the Podfile.lock. Run 'pod install' or update your CocoaPods installation.\nEOM\n    exit 1\nfi\n";
			showEnvVarsInLog = 0;
		};
		B874AD82CFE94C94964567DB /* Copy Pods Resources */ = {
			isa = PBXShellScriptBuildPhase;
			buildActionMask = 2147483647;
			files = (
			);
			inputPaths = (
			);
			name = "Copy Pods Resources";
			outputPaths = (
			);
			runOnlyForDeploymentPostprocessing = 0;
			shellPath = /bin/sh;
			shellScript = "\"${SRCROOT}/Pods/Pods-Medicine-resources.sh\"\n";
			showEnvVarsInLog = 0;
		};
/* End PBXShellScriptBuildPhase section */

/* Begin PBXSourcesBuildPhase section */
		6AE5B1EA19BFDD930058B309 /* Sources */ = {
			isa = PBXSourcesBuildPhase;
			buildActionMask = 2147483647;
			files = (
				6AF83F3A19D343D10047CE0E /* Bluetooth.swift in Sources */,
				6AE5B1F619BFDD930058B309 /* ViewController.swift in Sources */,
				6AE5B1F419BFDD930058B309 /* AppDelegate.swift in Sources */,
				6AF9AF2519C4C6E2008C79CA /* WalkthroughView.swift in Sources */,
			);
			runOnlyForDeploymentPostprocessing = 0;
		};
		6AE5B1FC19BFDD930058B309 /* Sources */ = {
			isa = PBXSourcesBuildPhase;
			buildActionMask = 2147483647;
			files = (
				6AE5B20719BFDD930058B309 /* MedicineTests.swift in Sources */,
			);
			runOnlyForDeploymentPostprocessing = 0;
		};
/* End PBXSourcesBuildPhase section */

/* Begin PBXTargetDependency section */
		6AE5B20219BFDD930058B309 /* PBXTargetDependency */ = {
			isa = PBXTargetDependency;
			target = 6AE5B1ED19BFDD930058B309 /* Medicine */;
			targetProxy = 6AE5B20119BFDD930058B309 /* PBXContainerItemProxy */;
		};
/* End PBXTargetDependency section */

/* Begin PBXVariantGroup section */
		6AE5B1F719BFDD930058B309 /* Main.storyboard */ = {
			isa = PBXVariantGroup;
			children = (
				6AE5B1F819BFDD930058B309 /* Base */,
			);
			name = Main.storyboard;
			sourceTree = "<group>";
		};
/* End PBXVariantGroup section */

/* Begin XCBuildConfiguration section */
		6AE5B20819BFDD930058B309 /* Debug */ = {
			isa = XCBuildConfiguration;
			buildSettings = {
				ALWAYS_SEARCH_USER_PATHS = NO;
				CLANG_CXX_LANGUAGE_STANDARD = "gnu++0x";
				CLANG_CXX_LIBRARY = "libc++";
				CLANG_ENABLE_MODULES = YES;
				CLANG_ENABLE_OBJC_ARC = YES;
				CLANG_WARN_BOOL_CONVERSION = YES;
				CLANG_WARN_CONSTANT_CONVERSION = YES;
				CLANG_WARN_DIRECT_OBJC_ISA_USAGE = YES_ERROR;
				CLANG_WARN_EMPTY_BODY = YES;
				CLANG_WARN_ENUM_CONVERSION = YES;
				CLANG_WARN_INT_CONVERSION = YES;
				CLANG_WARN_OBJC_ROOT_CLASS = YES_ERROR;
				CLANG_WARN_UNREACHABLE_CODE = YES;
				CLANG_WARN__DUPLICATE_METHOD_MATCH = YES;
				"CODE_SIGN_IDENTITY[sdk=iphoneos*]" = "iPhone Developer";
				COPY_PHASE_STRIP = NO;
				ENABLE_STRICT_OBJC_MSGSEND = YES;
				GCC_C_LANGUAGE_STANDARD = gnu99;
				GCC_DYNAMIC_NO_PIC = NO;
				GCC_OPTIMIZATION_LEVEL = 0;
				GCC_PREPROCESSOR_DEFINITIONS = (
					"DEBUG=1",
					"$(inherited)",
				);
				GCC_SYMBOLS_PRIVATE_EXTERN = NO;
				GCC_WARN_64_TO_32_BIT_CONVERSION = YES;
				GCC_WARN_ABOUT_RETURN_TYPE = YES_ERROR;
				GCC_WARN_UNDECLARED_SELECTOR = YES;
				GCC_WARN_UNINITIALIZED_AUTOS = YES_AGGRESSIVE;
				GCC_WARN_UNUSED_FUNCTION = YES;
				GCC_WARN_UNUSED_VARIABLE = YES;
				IPHONEOS_DEPLOYMENT_TARGET = 8.0;
				MTL_ENABLE_DEBUG_INFO = YES;
				ONLY_ACTIVE_ARCH = YES;
				SDKROOT = iphoneos;
				SWIFT_OPTIMIZATION_LEVEL = "-Onone";
			};
			name = Debug;
		};
		6AE5B20919BFDD930058B309 /* Release */ = {
			isa = XCBuildConfiguration;
			buildSettings = {
				ALWAYS_SEARCH_USER_PATHS = NO;
				CLANG_CXX_LANGUAGE_STANDARD = "gnu++0x";
				CLANG_CXX_LIBRARY = "libc++";
				CLANG_ENABLE_MODULES = YES;
				CLANG_ENABLE_OBJC_ARC = YES;
				CLANG_WARN_BOOL_CONVERSION = YES;
				CLANG_WARN_CONSTANT_CONVERSION = YES;
				CLANG_WARN_DIRECT_OBJC_ISA_USAGE = YES_ERROR;
				CLANG_WARN_EMPTY_BODY = YES;
				CLANG_WARN_ENUM_CONVERSION = YES;
				CLANG_WARN_INT_CONVERSION = YES;
				CLANG_WARN_OBJC_ROOT_CLASS = YES_ERROR;
				CLANG_WARN_UNREACHABLE_CODE = YES;
				CLANG_WARN__DUPLICATE_METHOD_MATCH = YES;
				"CODE_SIGN_IDENTITY[sdk=iphoneos*]" = "iPhone Developer";
				COPY_PHASE_STRIP = YES;
				ENABLE_NS_ASSERTIONS = NO;
				ENABLE_STRICT_OBJC_MSGSEND = YES;
				GCC_C_LANGUAGE_STANDARD = gnu99;
				GCC_WARN_64_TO_32_BIT_CONVERSION = YES;
				GCC_WARN_ABOUT_RETURN_TYPE = YES_ERROR;
				GCC_WARN_UNDECLARED_SELECTOR = YES;
				GCC_WARN_UNINITIALIZED_AUTOS = YES_AGGRESSIVE;
				GCC_WARN_UNUSED_FUNCTION = YES;
				GCC_WARN_UNUSED_VARIABLE = YES;
				IPHONEOS_DEPLOYMENT_TARGET = 8.0;
				MTL_ENABLE_DEBUG_INFO = NO;
				SDKROOT = iphoneos;
				VALIDATE_PRODUCT = YES;
			};
			name = Release;
		};
		6AE5B20B19BFDD930058B309 /* Debug */ = {
			isa = XCBuildConfiguration;
			baseConfigurationReference = C52A584A29724C7D9694EBB1 /* Pods-Medicine.xcconfig */;
			buildSettings = {
				ASSETCATALOG_COMPILER_APPICON_NAME = AppIcon;
				ASSETCATALOG_COMPILER_LAUNCHIMAGE_NAME = LaunchImage;
				INFOPLIST_FILE = Medicine/Info.plist;
				IPHONEOS_DEPLOYMENT_TARGET = 7.1;
				LD_RUNPATH_SEARCH_PATHS = "$(inherited) @executable_path/Frameworks";
				PRODUCT_NAME = "$(TARGET_NAME)";
				SWIFT_OBJC_BRIDGING_HEADER = "Medicine/Bridging-Header.h";
			};
			name = Debug;
		};
		6AE5B20C19BFDD930058B309 /* Release */ = {
			isa = XCBuildConfiguration;
			baseConfigurationReference = C52A584A29724C7D9694EBB1 /* Pods-Medicine.xcconfig */;
			buildSettings = {
				ASSETCATALOG_COMPILER_APPICON_NAME = AppIcon;
				ASSETCATALOG_COMPILER_LAUNCHIMAGE_NAME = LaunchImage;
				INFOPLIST_FILE = Medicine/Info.plist;
				IPHONEOS_DEPLOYMENT_TARGET = 7.1;
				LD_RUNPATH_SEARCH_PATHS = "$(inherited) @executable_path/Frameworks";
				PRODUCT_NAME = "$(TARGET_NAME)";
				SWIFT_OBJC_BRIDGING_HEADER = "Medicine/Bridging-Header.h";
			};
			name = Release;
		};
		6AE5B20E19BFDD930058B309 /* Debug */ = {
			isa = XCBuildConfiguration;
			buildSettings = {
				BUNDLE_LOADER = "$(TEST_HOST)";
				FRAMEWORK_SEARCH_PATHS = (
					"$(SDKROOT)/Developer/Library/Frameworks",
					"$(inherited)",
				);
				GCC_PREPROCESSOR_DEFINITIONS = (
					"DEBUG=1",
					"$(inherited)",
				);
				INFOPLIST_FILE = MedicineTests/Info.plist;
				LD_RUNPATH_SEARCH_PATHS = "$(inherited) @executable_path/Frameworks @loader_path/Frameworks";
				PRODUCT_NAME = "$(TARGET_NAME)";
				TEST_HOST = "$(BUILT_PRODUCTS_DIR)/Medicine.app/Medicine";
			};
			name = Debug;
		};
		6AE5B20F19BFDD930058B309 /* Release */ = {
			isa = XCBuildConfiguration;
			buildSettings = {
				BUNDLE_LOADER = "$(TEST_HOST)";
				FRAMEWORK_SEARCH_PATHS = (
					"$(SDKROOT)/Developer/Library/Frameworks",
					"$(inherited)",
				);
				INFOPLIST_FILE = MedicineTests/Info.plist;
				LD_RUNPATH_SEARCH_PATHS = "$(inherited) @executable_path/Frameworks @loader_path/Frameworks";
				PRODUCT_NAME = "$(TARGET_NAME)";
				TEST_HOST = "$(BUILT_PRODUCTS_DIR)/Medicine.app/Medicine";
			};
			name = Release;
		};
/* End XCBuildConfiguration section */

/* Begin XCConfigurationList section */
		6AE5B1E919BFDD930058B309 /* Build configuration list for PBXProject "Medicine" */ = {
			isa = XCConfigurationList;
			buildConfigurations = (
				6AE5B20819BFDD930058B309 /* Debug */,
				6AE5B20919BFDD930058B309 /* Release */,
			);
			defaultConfigurationIsVisible = 0;
			defaultConfigurationName = Release;
		};
		6AE5B20A19BFDD930058B309 /* Build configuration list for PBXNativeTarget "Medicine" */ = {
			isa = XCConfigurationList;
			buildConfigurations = (
				6AE5B20B19BFDD930058B309 /* Debug */,
				6AE5B20C19BFDD930058B309 /* Release */,
			);
			defaultConfigurationIsVisible = 0;
			defaultConfigurationName = Release;
		};
		6AE5B20D19BFDD930058B309 /* Build configuration list for PBXNativeTarget "MedicineTests" */ = {
			isa = XCConfigurationList;
			buildConfigurations = (
				6AE5B20E19BFDD930058B309 /* Debug */,
				6AE5B20F19BFDD930058B309 /* Release */,
			);
			defaultConfigurationIsVisible = 0;
			defaultConfigurationName = Release;
		};
/* End XCConfigurationList section */
	};
	rootObject = 6AE5B1E619BFDD930058B309 /* Project object */;
}
